
Microsoft Visual Studio Solution File, Format Version 12.00
# Visual Studio Version 16
VisualStudioVersion = 16.0.29324.140
MinimumVisualStudioVersion = 10.0.40219.1
Project("{FAE04EC0-301F-11D3-BF4B-00C04F79EFBC}") = "week05", "week05\week05.csproj", "{5226CEEA-A1DC-48C8-B15F-98029A324D11}"
EndProject
Global
	GlobalSection(SolutionConfigurationPlatforms) = preSolution
		Debug|Any CPU = Debug|Any CPU
		Release|Any CPU = Release|Any CPU
	EndGlobalSection
	GlobalSection(ProjectConfigurationPlatforms) = postSolution
		{5226CEEA-A1DC-48C8-B15F-98029A324D11}.Debug|Any CPU.ActiveCfg = Debug|Any CPU
		{5226CEEA-A1DC-48C8-B15F-98029A324D11}.Debug|Any CPU.Build.0 = Debug|Any CPU
		{5226CEEA-A1DC-48C8-B15F-98029A324D11}.Release|Any CPU.ActiveCfg = Release|Any CPU
		{5226CEEA-A1DC-48C8-B15F-98029A324D11}.Release|Any CPU.Build.0 = Release|Any CPU
	EndGlobalSection
	GlobalSection(SolutionProperties) = preSolution
		HideSolutionNode = FALSE
	EndGlobalSection
	GlobalSection(ExtensibilityGlobals) = postSolution
		SolutionGuid = {E239F368-CAFA-4A77-BC23-A4A949D4123C}
	EndGlobalSection
EndGlobal
