
Microsoft Visual Studio Solution File, Format Version 12.00
# Visual Studio Version 16
VisualStudioVersion = 16.0.29324.140
MinimumVisualStudioVersion = 10.0.40219.1
Project("{FAE04EC0-301F-11D3-BF4B-00C04F79EFBC}") = "week10", "week10\week10.csproj", "{5E9AEE01-3681-4E8E-B6E4-6AB5D1981A6E}"
EndProject
Global
	GlobalSection(SolutionConfigurationPlatforms) = preSolution
		Debug|Any CPU = Debug|Any CPU
		Release|Any CPU = Release|Any CPU
	EndGlobalSection
	GlobalSection(ProjectConfigurationPlatforms) = postSolution
		{5E9AEE01-3681-4E8E-B6E4-6AB5D1981A6E}.Debug|Any CPU.ActiveCfg = Debug|Any CPU
		{5E9AEE01-3681-4E8E-B6E4-6AB5D1981A6E}.Debug|Any CPU.Build.0 = Debug|Any CPU
		{5E9AEE01-3681-4E8E-B6E4-6AB5D1981A6E}.Release|Any CPU.ActiveCfg = Release|Any CPU
		{5E9AEE01-3681-4E8E-B6E4-6AB5D1981A6E}.Release|Any CPU.Build.0 = Release|Any CPU
	EndGlobalSection
	GlobalSection(SolutionProperties) = preSolution
		HideSolutionNode = FALSE
	EndGlobalSection
	GlobalSection(ExtensibilityGlobals) = postSolution
		SolutionGuid = {B270A070-A121-4442-969A-073595D1462F}
	EndGlobalSection
EndGlobal
